// !$*UTF8*$!
{
	archiveVersion = 1;
	classes = {
	};
	objectVersion = 46;
	objects = {

/* Begin PBXBuildFile section */
		2A0D28151C899EB6006B1C8B /* UIImage+OpenCV.mm in Sources */ = {isa = PBXBuildFile; fileRef = 2A0D28141C899EB6006B1C8B /* UIImage+OpenCV.mm */; };
		2A0D28181C8A6D13006B1C8B /* SaveItemViewController.swift in Sources */ = {isa = PBXBuildFile; fileRef = 2A0D28171C8A6D13006B1C8B /* SaveItemViewController.swift */; };
		2A0D281A1C8A6DCE006B1C8B /* MainMenuViewController.swift in Sources */ = {isa = PBXBuildFile; fileRef = 2A0D28191C8A6DCE006B1C8B /* MainMenuViewController.swift */; };
		2A0D281C1C8A78D4006B1C8B /* CameraBaseViewController.swift in Sources */ = {isa = PBXBuildFile; fileRef = 2A0D281B1C8A78D4006B1C8B /* CameraBaseViewController.swift */; };
		2A3AFFA51C898C4E005418B8 /* AppDelegate.swift in Sources */ = {isa = PBXBuildFile; fileRef = 2A3AFFA41C898C4E005418B8 /* AppDelegate.swift */; };
		2A3AFFA71C898C4E005418B8 /* DetectItemViewController.swift in Sources */ = {isa = PBXBuildFile; fileRef = 2A3AFFA61C898C4E005418B8 /* DetectItemViewController.swift */; };
		2A3AFFAA1C898C4E005418B8 /* MainMenu.storyboard in Resources */ = {isa = PBXBuildFile; fileRef = 2A3AFFA81C898C4E005418B8 /* MainMenu.storyboard */; };
		2A3AFFAC1C898C4E005418B8 /* Assets.xcassets in Resources */ = {isa = PBXBuildFile; fileRef = 2A3AFFAB1C898C4E005418B8 /* Assets.xcassets */; };
		2A3AFFAF1C898C4E005418B8 /* LaunchScreen.storyboard in Resources */ = {isa = PBXBuildFile; fileRef = 2A3AFFAD1C898C4E005418B8 /* LaunchScreen.storyboard */; };
		2AAB89F51C89978300BFA403 /* OpenCVClient.mm in Sources */ = {isa = PBXBuildFile; fileRef = 2AAB89F31C89978300BFA403 /* OpenCVClient.mm */; };
		543880521C8A5C9C00179477 /* NZImage.mm in Sources */ = {isa = PBXBuildFile; fileRef = 543880511C8A5C9C00179477 /* NZImage.mm */; };
		543880571C8AC42D00179477 /* NZImageMatcher.mm in Sources */ = {isa = PBXBuildFile; fileRef = 543880561C8AC42D00179477 /* NZImageMatcher.mm */; };
		9DC8F1132F969E0DCF039322 /* Pods_Nozawa.framework in Frameworks */ = {isa = PBXBuildFile; fileRef = F5B83463E282F3E6C8664BF2 /* Pods_Nozawa.framework */; };
/* End PBXBuildFile section */

/* Begin PBXFileReference section */
		2A0D28141C899EB6006B1C8B /* UIImage+OpenCV.mm */ = {isa = PBXFileReference; fileEncoding = 4; lastKnownFileType = sourcecode.cpp.objcpp; name = "UIImage+OpenCV.mm"; path = "OpenCV/UIImage+OpenCV.mm"; sourceTree = "<group>"; };
		2A0D28161C899F1A006B1C8B /* UIImage+OpenCV.h */ = {isa = PBXFileReference; fileEncoding = 4; lastKnownFileType = sourcecode.c.h; name = "UIImage+OpenCV.h"; path = "OpenCV/UIImage+OpenCV.h"; sourceTree = "<group>"; };
		2A0D28171C8A6D13006B1C8B /* SaveItemViewController.swift */ = {isa = PBXFileReference; fileEncoding = 4; lastKnownFileType = sourcecode.swift; path = SaveItemViewController.swift; sourceTree = "<group>"; };
		2A0D28191C8A6DCE006B1C8B /* MainMenuViewController.swift */ = {isa = PBXFileReference; fileEncoding = 4; lastKnownFileType = sourcecode.swift; path = MainMenuViewController.swift; sourceTree = "<group>"; };
		2A0D281B1C8A78D4006B1C8B /* CameraBaseViewController.swift */ = {isa = PBXFileReference; fileEncoding = 4; lastKnownFileType = sourcecode.swift; path = CameraBaseViewController.swift; sourceTree = "<group>"; };
		2A3AFFA11C898C4E005418B8 /* Nozawa.app */ = {isa = PBXFileReference; explicitFileType = wrapper.application; includeInIndex = 0; path = Nozawa.app; sourceTree = BUILT_PRODUCTS_DIR; };
		2A3AFFA41C898C4E005418B8 /* AppDelegate.swift */ = {isa = PBXFileReference; lastKnownFileType = sourcecode.swift; path = AppDelegate.swift; sourceTree = "<group>"; };
		2A3AFFA61C898C4E005418B8 /* DetectItemViewController.swift */ = {isa = PBXFileReference; lastKnownFileType = sourcecode.swift; path = DetectItemViewController.swift; sourceTree = "<group>"; };
		2A3AFFA91C898C4E005418B8 /* Base */ = {isa = PBXFileReference; lastKnownFileType = file.storyboard; name = Base; path = Base.lproj/MainMenu.storyboard; sourceTree = "<group>"; };
		2A3AFFAB1C898C4E005418B8 /* Assets.xcassets */ = {isa = PBXFileReference; lastKnownFileType = folder.assetcatalog; path = Assets.xcassets; sourceTree = "<group>"; };
		2A3AFFAE1C898C4E005418B8 /* Base */ = {isa = PBXFileReference; lastKnownFileType = file.storyboard; name = Base; path = Base.lproj/LaunchScreen.storyboard; sourceTree = "<group>"; };
		2A3AFFB01C898C4E005418B8 /* Info.plist */ = {isa = PBXFileReference; lastKnownFileType = text.plist.xml; path = Info.plist; sourceTree = "<group>"; };
		2AAB89F31C89978300BFA403 /* OpenCVClient.mm */ = {isa = PBXFileReference; fileEncoding = 4; lastKnownFileType = sourcecode.cpp.objcpp; name = OpenCVClient.mm; path = OpenCV/OpenCVClient.mm; sourceTree = "<group>"; };
		2AAB89F41C89978300BFA403 /* OpenCVClient.h */ = {isa = PBXFileReference; fileEncoding = 4; lastKnownFileType = sourcecode.c.h; name = OpenCVClient.h; path = OpenCV/OpenCVClient.h; sourceTree = "<group>"; };
		2AAB89F61C899C5800BFA403 /* Nozawa-Bridging-Header.h */ = {isa = PBXFileReference; lastKnownFileType = sourcecode.c.h; path = "Nozawa-Bridging-Header.h"; sourceTree = "<group>"; };
		543880501C8A5C9C00179477 /* NZImage.h */ = {isa = PBXFileReference; fileEncoding = 4; lastKnownFileType = sourcecode.c.h; path = NZImage.h; sourceTree = "<group>"; };
		543880511C8A5C9C00179477 /* NZImage.mm */ = {isa = PBXFileReference; fileEncoding = 4; lastKnownFileType = sourcecode.cpp.objcpp; path = NZImage.mm; sourceTree = "<group>"; };
		543880551C8AC42D00179477 /* NZImageMatcher.h */ = {isa = PBXFileReference; fileEncoding = 4; lastKnownFileType = sourcecode.c.h; path = NZImageMatcher.h; sourceTree = "<group>"; };
		543880561C8AC42D00179477 /* NZImageMatcher.mm */ = {isa = PBXFileReference; fileEncoding = 4; lastKnownFileType = sourcecode.cpp.objcpp; path = NZImageMatcher.mm; sourceTree = "<group>"; };
		662D7FB05EAF0D38C68F11BF /* Pods-Nozawa.release.xcconfig */ = {isa = PBXFileReference; includeInIndex = 1; lastKnownFileType = text.xcconfig; name = "Pods-Nozawa.release.xcconfig"; path = "Pods/Target Support Files/Pods-Nozawa/Pods-Nozawa.release.xcconfig"; sourceTree = "<group>"; };
		70134AFCFDEB64BA33F8BA00 /* Pods-Nozawa.debug.xcconfig */ = {isa = PBXFileReference; includeInIndex = 1; lastKnownFileType = text.xcconfig; name = "Pods-Nozawa.debug.xcconfig"; path = "Pods/Target Support Files/Pods-Nozawa/Pods-Nozawa.debug.xcconfig"; sourceTree = "<group>"; };
		F5B83463E282F3E6C8664BF2 /* Pods_Nozawa.framework */ = {isa = PBXFileReference; explicitFileType = wrapper.framework; includeInIndex = 0; path = Pods_Nozawa.framework; sourceTree = BUILT_PRODUCTS_DIR; };
/* End PBXFileReference section */

/* Begin PBXFrameworksBuildPhase section */
		2A3AFF9E1C898C4D005418B8 /* Frameworks */ = {
			isa = PBXFrameworksBuildPhase;
			buildActionMask = 2147483647;
			files = (
				9DC8F1132F969E0DCF039322 /* Pods_Nozawa.framework in Frameworks */,
			);
			runOnlyForDeploymentPostprocessing = 0;
		};
/* End PBXFrameworksBuildPhase section */

/* Begin PBXGroup section */
		2A3AFF981C898C4D005418B8 = {
			isa = PBXGroup;
			children = (
				2A3AFFA31C898C4E005418B8 /* Nozawa */,
				2A3AFFA21C898C4E005418B8 /* Products */,
				A3852992A351040EB450D125 /* Pods */,
				96D1EDC14C83BC36AB23B60B /* Frameworks */,
			);
			sourceTree = "<group>";
		};
		2A3AFFA21C898C4E005418B8 /* Products */ = {
			isa = PBXGroup;
			children = (
				2A3AFFA11C898C4E005418B8 /* Nozawa.app */,
			);
			name = Products;
			sourceTree = "<group>";
		};
		2A3AFFA31C898C4E005418B8 /* Nozawa */ = {
			isa = PBXGroup;
			children = (
				2AAB89ED1C89960700BFA403 /* OpenCV */,
				2A3AFFA41C898C4E005418B8 /* AppDelegate.swift */,
				2A0D28191C8A6DCE006B1C8B /* MainMenuViewController.swift */,
				2A0D281B1C8A78D4006B1C8B /* CameraBaseViewController.swift */,
				2A0D28171C8A6D13006B1C8B /* SaveItemViewController.swift */,
				2A3AFFA61C898C4E005418B8 /* DetectItemViewController.swift */,
				2AAB89F61C899C5800BFA403 /* Nozawa-Bridging-Header.h */,
				2A3AFFAD1C898C4E005418B8 /* LaunchScreen.storyboard */,
				2A3AFFA81C898C4E005418B8 /* MainMenu.storyboard */,
				2A3AFFAB1C898C4E005418B8 /* Assets.xcassets */,
				2A3AFFB01C898C4E005418B8 /* Info.plist */,
			);
			path = Nozawa;
			sourceTree = "<group>";
		};
		2AAB89ED1C89960700BFA403 /* OpenCV */ = {
			isa = PBXGroup;
			children = (
				2AAB89F41C89978300BFA403 /* OpenCVClient.h */,
				2AAB89F31C89978300BFA403 /* OpenCVClient.mm */,
				2A0D28161C899F1A006B1C8B /* UIImage+OpenCV.h */,
				2A0D28141C899EB6006B1C8B /* UIImage+OpenCV.mm */,
				543880501C8A5C9C00179477 /* NZImage.h */,
				543880511C8A5C9C00179477 /* NZImage.mm */,
				543880551C8AC42D00179477 /* NZImageMatcher.h */,
				543880561C8AC42D00179477 /* NZImageMatcher.mm */,
			);
			name = OpenCV;
			sourceTree = "<group>";
		};
		96D1EDC14C83BC36AB23B60B /* Frameworks */ = {
			isa = PBXGroup;
			children = (
				F5B83463E282F3E6C8664BF2 /* Pods_Nozawa.framework */,
			);
			name = Frameworks;
			sourceTree = "<group>";
		};
		A3852992A351040EB450D125 /* Pods */ = {
			isa = PBXGroup;
			children = (
				70134AFCFDEB64BA33F8BA00 /* Pods-Nozawa.debug.xcconfig */,
				662D7FB05EAF0D38C68F11BF /* Pods-Nozawa.release.xcconfig */,
			);
			name = Pods;
			sourceTree = "<group>";
		};
/* End PBXGroup section */

/* Begin PBXNativeTarget section */
		2A3AFFA01C898C4D005418B8 /* Nozawa */ = {
			isa = PBXNativeTarget;
			buildConfigurationList = 2A3AFFB31C898C4E005418B8 /* Build configuration list for PBXNativeTarget "Nozawa" */;
			buildPhases = (
				3C0A19E2800A30C5AAF960B2 /* Check Pods Manifest.lock */,
				2A3AFF9D1C898C4D005418B8 /* Sources */,
				2A3AFF9E1C898C4D005418B8 /* Frameworks */,
				2A3AFF9F1C898C4D005418B8 /* Resources */,
				AE72F4654FC96225EFB4E61D /* Embed Pods Frameworks */,
				BDC5C39373184AF5C9DE939D /* Copy Pods Resources */,
			);
			buildRules = (
			);
			dependencies = (
			);
			name = Nozawa;
			productName = Nozawa;
			productReference = 2A3AFFA11C898C4E005418B8 /* Nozawa.app */;
			productType = "com.apple.product-type.application";
		};
/* End PBXNativeTarget section */

/* Begin PBXProject section */
		2A3AFF991C898C4D005418B8 /* Project object */ = {
			isa = PBXProject;
			attributes = {
				LastSwiftUpdateCheck = 0720;
				LastUpgradeCheck = 0720;
				ORGANIZATIONNAME = Straylight;
				TargetAttributes = {
					2A3AFFA01C898C4D005418B8 = {
						CreatedOnToolsVersion = 7.2.1;
						DevelopmentTeam = 4M2E989XJ8;
					};
				};
			};
			buildConfigurationList = 2A3AFF9C1C898C4D005418B8 /* Build configuration list for PBXProject "Nozawa" */;
			compatibilityVersion = "Xcode 3.2";
			developmentRegion = English;
			hasScannedForEncodings = 0;
			knownRegions = (
				en,
				Base,
			);
			mainGroup = 2A3AFF981C898C4D005418B8;
			productRefGroup = 2A3AFFA21C898C4E005418B8 /* Products */;
			projectDirPath = "";
			projectRoot = "";
			targets = (
				2A3AFFA01C898C4D005418B8 /* Nozawa */,
			);
		};
/* End PBXProject section */

/* Begin PBXResourcesBuildPhase section */
		2A3AFF9F1C898C4D005418B8 /* Resources */ = {
			isa = PBXResourcesBuildPhase;
			buildActionMask = 2147483647;
			files = (
				2A3AFFAF1C898C4E005418B8 /* LaunchScreen.storyboard in Resources */,
				2A3AFFAC1C898C4E005418B8 /* Assets.xcassets in Resources */,
				2A3AFFAA1C898C4E005418B8 /* MainMenu.storyboard in Resources */,
			);
			runOnlyForDeploymentPostprocessing = 0;
		};
/* End PBXResourcesBuildPhase section */

/* Begin PBXShellScriptBuildPhase section */
		3C0A19E2800A30C5AAF960B2 /* Check Pods Manifest.lock */ = {
			isa = PBXShellScriptBuildPhase;
			buildActionMask = 2147483647;
			files = (
			);
			inputPaths = (
			);
			name = "Check Pods Manifest.lock";
			outputPaths = (
			);
			runOnlyForDeploymentPostprocessing = 0;
			shellPath = /bin/sh;
			shellScript = "diff \"${PODS_ROOT}/../Podfile.lock\" \"${PODS_ROOT}/Manifest.lock\" > /dev/null\nif [[ $? != 0 ]] ; then\n    cat << EOM\nerror: The sandbox is not in sync with the Podfile.lock. Run 'pod install' or update your CocoaPods installation.\nEOM\n    exit 1\nfi\n";
			showEnvVarsInLog = 0;
		};
		AE72F4654FC96225EFB4E61D /* Embed Pods Frameworks */ = {
			isa = PBXShellScriptBuildPhase;
			buildActionMask = 2147483647;
			files = (
			);
			inputPaths = (
			);
			name = "Embed Pods Frameworks";
			outputPaths = (
			);
			runOnlyForDeploymentPostprocessing = 0;
			shellPath = /bin/sh;
			shellScript = "\"${SRCROOT}/Pods/Target Support Files/Pods-Nozawa/Pods-Nozawa-frameworks.sh\"\n";
			showEnvVarsInLog = 0;
		};
		BDC5C39373184AF5C9DE939D /* Copy Pods Resources */ = {
			isa = PBXShellScriptBuildPhase;
			buildActionMask = 2147483647;
			files = (
			);
			inputPaths = (
			);
			name = "Copy Pods Resources";
			outputPaths = (
			);
			runOnlyForDeploymentPostprocessing = 0;
			shellPath = /bin/sh;
			shellScript = "\"${SRCROOT}/Pods/Target Support Files/Pods-Nozawa/Pods-Nozawa-resources.sh\"\n";
			showEnvVarsInLog = 0;
		};
/* End PBXShellScriptBuildPhase section */

/* Begin PBXSourcesBuildPhase section */
		2A3AFF9D1C898C4D005418B8 /* Sources */ = {
			isa = PBXSourcesBuildPhase;
			buildActionMask = 2147483647;
			files = (
				2A3AFFA71C898C4E005418B8 /* DetectItemViewController.swift in Sources */,
				543880571C8AC42D00179477 /* NZImageMatcher.mm in Sources */,
				2A3AFFA51C898C4E005418B8 /* AppDelegate.swift in Sources */,
				2A0D28181C8A6D13006B1C8B /* SaveItemViewController.swift in Sources */,
				2A0D28151C899EB6006B1C8B /* UIImage+OpenCV.mm in Sources */,
				2A0D281C1C8A78D4006B1C8B /* CameraBaseViewController.swift in Sources */,
				2A0D281A1C8A6DCE006B1C8B /* MainMenuViewController.swift in Sources */,
				2AAB89F51C89978300BFA403 /* OpenCVClient.mm in Sources */,
				543880521C8A5C9C00179477 /* NZImage.mm in Sources */,
			);
			runOnlyForDeploymentPostprocessing = 0;
		};
/* End PBXSourcesBuildPhase section */

/* Begin PBXVariantGroup section */
		2A3AFFA81C898C4E005418B8 /* MainMenu.storyboard */ = {
			isa = PBXVariantGroup;
			children = (
				2A3AFFA91C898C4E005418B8 /* Base */,
			);
			name = MainMenu.storyboard;
			sourceTree = "<group>";
		};
		2A3AFFAD1C898C4E005418B8 /* LaunchScreen.storyboard */ = {
			isa = PBXVariantGroup;
			children = (
				2A3AFFAE1C898C4E005418B8 /* Base */,
			);
			name = LaunchScreen.storyboard;
			sourceTree = "<group>";
		};
/* End PBXVariantGroup section */

/* Begin XCBuildConfiguration section */
		2A3AFFB11C898C4E005418B8 /* Debug */ = {
			isa = XCBuildConfiguration;
			buildSettings = {
				ALWAYS_SEARCH_USER_PATHS = NO;
				CLANG_CXX_LANGUAGE_STANDARD = "gnu++0x";
				CLANG_CXX_LIBRARY = "libc++";
				CLANG_ENABLE_MODULES = YES;
				CLANG_ENABLE_OBJC_ARC = YES;
				CLANG_WARN_BOOL_CONVERSION = YES;
				CLANG_WARN_CONSTANT_CONVERSION = YES;
				CLANG_WARN_DIRECT_OBJC_ISA_USAGE = YES_ERROR;
				CLANG_WARN_EMPTY_BODY = YES;
				CLANG_WARN_ENUM_CONVERSION = YES;
				CLANG_WARN_INT_CONVERSION = YES;
				CLANG_WARN_OBJC_ROOT_CLASS = YES_ERROR;
				CLANG_WARN_UNREACHABLE_CODE = YES;
				CLANG_WARN__DUPLICATE_METHOD_MATCH = YES;
				"CODE_SIGN_IDENTITY[sdk=iphoneos*]" = "iPhone Developer";
				COPY_PHASE_STRIP = NO;
				DEBUG_INFORMATION_FORMAT = dwarf;
				ENABLE_STRICT_OBJC_MSGSEND = YES;
				ENABLE_TESTABILITY = YES;
				GCC_C_LANGUAGE_STANDARD = gnu99;
				GCC_DYNAMIC_NO_PIC = NO;
				GCC_NO_COMMON_BLOCKS = YES;
				GCC_OPTIMIZATION_LEVEL = 0;
				GCC_PREPROCESSOR_DEFINITIONS = (
					"DEBUG=1",
					"$(inherited)",
				);
				GCC_WARN_64_TO_32_BIT_CONVERSION = YES;
				GCC_WARN_ABOUT_RETURN_TYPE = YES_ERROR;
				GCC_WARN_UNDECLARED_SELECTOR = YES;
				GCC_WARN_UNINITIALIZED_AUTOS = YES_AGGRESSIVE;
				GCC_WARN_UNUSED_FUNCTION = YES;
				GCC_WARN_UNUSED_VARIABLE = YES;
				IPHONEOS_DEPLOYMENT_TARGET = 9.2;
				MTL_ENABLE_DEBUG_INFO = YES;
				ONLY_ACTIVE_ARCH = YES;
				SDKROOT = iphoneos;
				SWIFT_OPTIMIZATION_LEVEL = "-Onone";
				TARGETED_DEVICE_FAMILY = "1,2";
			};
			name = Debug;
		};
		2A3AFFB21C898C4E005418B8 /* Release */ = {
			isa = XCBuildConfiguration;
			buildSettings = {
				ALWAYS_SEARCH_USER_PATHS = NO;
				CLANG_CXX_LANGUAGE_STANDARD = "gnu++0x";
				CLANG_CXX_LIBRARY = "libc++";
				CLANG_ENABLE_MODULES = YES;
				CLANG_ENABLE_OBJC_ARC = YES;
				CLANG_WARN_BOOL_CONVERSION = YES;
				CLANG_WARN_CONSTANT_CONVERSION = YES;
				CLANG_WARN_DIRECT_OBJC_ISA_USAGE = YES_ERROR;
				CLANG_WARN_EMPTY_BODY = YES;
				CLANG_WARN_ENUM_CONVERSION = YES;
				CLANG_WARN_INT_CONVERSION = YES;
				CLANG_WARN_OBJC_ROOT_CLASS = YES_ERROR;
				CLANG_WARN_UNREACHABLE_CODE = YES;
				CLANG_WARN__DUPLICATE_METHOD_MATCH = YES;
				"CODE_SIGN_IDENTITY[sdk=iphoneos*]" = "iPhone Developer";
				COPY_PHASE_STRIP = NO;
				DEBUG_INFORMATION_FORMAT = "dwarf-with-dsym";
				ENABLE_NS_ASSERTIONS = NO;
				ENABLE_STRICT_OBJC_MSGSEND = YES;
				GCC_C_LANGUAGE_STANDARD = gnu99;
				GCC_NO_COMMON_BLOCKS = YES;
				GCC_WARN_64_TO_32_BIT_CONVERSION = YES;
				GCC_WARN_ABOUT_RETURN_TYPE = YES_ERROR;
				GCC_WARN_UNDECLARED_SELECTOR = YES;
				GCC_WARN_UNINITIALIZED_AUTOS = YES_AGGRESSIVE;
				GCC_WARN_UNUSED_FUNCTION = YES;
				GCC_WARN_UNUSED_VARIABLE = YES;
				IPHONEOS_DEPLOYMENT_TARGET = 9.2;
				MTL_ENABLE_DEBUG_INFO = NO;
				SDKROOT = iphoneos;
				TARGETED_DEVICE_FAMILY = "1,2";
				VALIDATE_PRODUCT = YES;
			};
			name = Release;
		};
		2A3AFFB41C898C4E005418B8 /* Debug */ = {
			isa = XCBuildConfiguration;
			baseConfigurationReference = 70134AFCFDEB64BA33F8BA00 /* Pods-Nozawa.debug.xcconfig */;
			buildSettings = {
				ASSETCATALOG_COMPILER_APPICON_NAME = AppIcon;
				CLANG_ENABLE_MODULES = YES;
				CODE_SIGN_IDENTITY = "iPhone Developer";
				"CODE_SIGN_IDENTITY[sdk=iphoneos*]" = "iPhone Developer";
				ENABLE_BITCODE = NO;
				INFOPLIST_FILE = Nozawa/Info.plist;
				LD_RUNPATH_SEARCH_PATHS = "$(inherited) @executable_path/Frameworks";
				PRODUCT_BUNDLE_IDENTIFIER = jp.straylight.Nozawa;
				PRODUCT_NAME = "$(TARGET_NAME)";
				PROVISIONING_PROFILE = "";
				SWIFT_OBJC_BRIDGING_HEADER = "Nozawa/Nozawa-Bridging-Header.h";
				SWIFT_OPTIMIZATION_LEVEL = "-Onone";
			};
			name = Debug;
		};
		2A3AFFB51C898C4E005418B8 /* Release */ = {
			isa = XCBuildConfiguration;
			baseConfigurationReference = 662D7FB05EAF0D38C68F11BF /* Pods-Nozawa.release.xcconfig */;
			buildSettings = {
				ASSETCATALOG_COMPILER_APPICON_NAME = AppIcon;
				CLANG_ENABLE_MODULES = YES;
				CODE_SIGN_IDENTITY = "iPhone Developer";
				"CODE_SIGN_IDENTITY[sdk=iphoneos*]" = "iPhone Developer";
				ENABLE_BITCODE = NO;
				INFOPLIST_FILE = Nozawa/Info.plist;
				LD_RUNPATH_SEARCH_PATHS = "$(inherited) @executable_path/Frameworks";
				PRODUCT_BUNDLE_IDENTIFIER = jp.straylight.Nozawa;
				PRODUCT_NAME = "$(TARGET_NAME)";
				PROVISIONING_PROFILE = "";
				SWIFT_OBJC_BRIDGING_HEADER = "Nozawa/Nozawa-Bridging-Header.h";
			};
			name = Release;
		};
/* End XCBuildConfiguration section */

/* Begin XCConfigurationList section */
		2A3AFF9C1C898C4D005418B8 /* Build configuration list for PBXProject "Nozawa" */ = {
			isa = XCConfigurationList;
			buildConfigurations = (
				2A3AFFB11C898C4E005418B8 /* Debug */,
				2A3AFFB21C898C4E005418B8 /* Release */,
			);
			defaultConfigurationIsVisible = 0;
			defaultConfigurationName = Release;
		};
		2A3AFFB31C898C4E005418B8 /* Build configuration list for PBXNativeTarget "Nozawa" */ = {
			isa = XCConfigurationList;
			buildConfigurations = (
				2A3AFFB41C898C4E005418B8 /* Debug */,
				2A3AFFB51C898C4E005418B8 /* Release */,
			);
			defaultConfigurationIsVisible = 0;
			defaultConfigurationName = Release;
		};
/* End XCConfigurationList section */
	};
	rootObject = 2A3AFF991C898C4D005418B8 /* Project object */;
}
